{
  "nodes": {
    "crane": {
      "locked": {
        "lastModified": 1739638817,
        "narHash": "sha256-pPiI27T416xAAUETorkLAgHQMiLT92moOrf0ItHhtPA=",
        "owner": "ipetkov",
        "repo": "crane",
        "rev": "bef2b45cd1273a9e621fb5292de89f4ed59ad812",
        "type": "github"
      },
      "original": {
        "owner": "ipetkov",
        "repo": "crane",
        "type": "github"
      }
    },
    "nixpkgs": {
      "locked": {
        "lastModified": 1739580444,
        "narHash": "sha256-+/bSz4EAVbqz8/HsIGLroF8aNaO8bLRL7WfACN+24g4=",
        "owner": "NixOS",
        "repo": "nixpkgs",
        "rev": "8bb37161a0488b89830168b81c48aed11569cb93",
        "type": "github"
      },
      "original": {
        "owner": "NixOS",
        "ref": "nixos-unstable",
        "repo": "nixpkgs",
        "type": "github"
      }
    },
    "root": {
      "inputs": {
        "nixpkgs": "nixpkgs",
        "secrets-service": "secrets-service"
      }
    },
    "rust-overlay": {
      "inputs": {
        "nixpkgs": [
          "secrets-service",
          "nixpkgs"
        ]
      },
      "locked": {
        "lastModified": 1739673031,
        "narHash": "sha256-Z/GT8ebbvc4goxN4A0A5ACj26G1HaGJO+VetrPuC5Mo=",
        "owner": "oxalica",
        "repo": "rust-overlay",
        "rev": "538528d55318e0c8af1c307dcf10b7629b988fc3",
        "type": "github"
      },
      "original": {
        "owner": "oxalica",
        "repo": "rust-overlay",
        "type": "github"
      }
    },
    "secrets-service": {
      "inputs": {
        "crane": "crane",
        "nixpkgs": [
          "nixpkgs"
        ],
        "rust-overlay": "rust-overlay"
      },
      "locked": {
        "lastModified": 1739796538,
        "narHash": "sha256-iaCpEoWlRIiXPtiqCaLVQVdGYsyFCZ+cIL8W9NOY2H4=",
        "owner": "regular",
        "repo": "secrets-service",
        "rev": "4969328cf25bbf70d7665ad0171bf4a37ea75087",
        "type": "github"
      },
      "original": {
        "owner": "regular",
        "repo": "secrets-service",
        "type": "github"
      }
    }
  },
  "root": "root",
  "version": 7
}
